
Microsoft Visual Studio Solution File, Format Version 12.00
# Visual Studio 2012
Project("{2150E333-8FDC-42A3-9474-1A3956D46DE8}") = "SfsCommerce", "SfsCommerce", "{1D1B34E7-4792-433B-8960-2AA4B78A8DA3}"
EndProject
Project("{2150E333-8FDC-42A3-9474-1A3956D46DE8}") = "Library", "Library", "{E3301F9F-5AA5-412A-801E-FA917A943A07}"
EndProject
Project("{FAE04EC0-301F-11D3-BF4B-00C04F79EFBC}") = "SfsCommerce.AdminNotification", "SfsCommerce.AdminNotification\SfsCommerce.AdminNotification.csproj", "{C723A582-5870-4D4B-B3D4-BEE74502BE23}"
EndProject
Project("{FAE04EC0-301F-11D3-BF4B-00C04F79EFBC}") = "SfsCommerce.Core", "SfsCommerce.Core\SfsCommerce.Core.csproj", "{34150E95-C25D-4649-8EF3-26968E7BA1A9}"
EndProject
Project("{2150E333-8FDC-42A3-9474-1A3956D46DE8}") = "Core", "Core", "{076AC6ED-C3B5-4474-BB37-57422806C95A}"
EndProject
Project("{FAE04EC0-301F-11D3-BF4B-00C04F79EFBC}") = "sfs.Core", "sfs.Core\sfs.Core.csproj", "{89999198-74CE-4C0E-A9EF-5ADDF36F5D97}"
EndProject
Project("{FAE04EC0-301F-11D3-BF4B-00C04F79EFBC}") = "sfs.Common", "sfs.Common\sfs.Common.csproj", "{0ED47FAD-2357-4378-895E-4AB4BD17438C}"
EndProject
Project("{2150E333-8FDC-42A3-9474-1A3956D46DE8}") = "Modules", "Modules", "{33261812-1C91-47C7-B72F-6CF12E3233DB}"
EndProject
Project("{FAE04EC0-301F-11D3-BF4B-00C04F79EFBC}") = "sfs.CDN", "sfs.CDN\sfs.CDN.csproj", "{22C5D7FE-B4C4-4498-938B-FD6748643C12}"
EndProject
Project("{FAE04EC0-301F-11D3-BF4B-00C04F79EFBC}") = "sfs.Templating", "sfs.Templating\sfs.Templating.csproj", "{3CC3E4A8-DCCE-438A-A86A-90F56331ADEE}"
EndProject
Project("{FAE04EC0-301F-11D3-BF4B-00C04F79EFBC}") = "sfs.Security", "sfs.Security\sfs.Security.csproj", "{5D984BA3-DD6D-411B-AF0E-F6C86B0B7752}"
EndProject
Project("{FAE04EC0-301F-11D3-BF4B-00C04F79EFBC}") = "sfs.Pages", "sfs.Pages\sfs.Pages.csproj", "{C8DE51AE-5DB3-48EE-9CB4-33521B9EFFD4}"
EndProject
Project("{FAE04EC0-301F-11D3-BF4B-00C04F79EFBC}") = "sfs.NewsLetter", "sfs.NewsLetter\sfs.NewsLetter.csproj", "{C3A5590E-B9FF-40C1-A364-3278D434169B}"
EndProject
Project("{FAE04EC0-301F-11D3-BF4B-00C04F79EFBC}") = "CurrencyConverter", "CurrencyConverter\CurrencyConverter.csproj", "{78A4EDCA-1FE0-4044-B511-4D972822A252}"
EndProject
Project("{FAE04EC0-301F-11D3-BF4B-00C04F79EFBC}") = "sfs.ExtractTemplate", "sfs.ExtractTemplate\sfs.ExtractTemplate.csproj", "{5AE91EFC-EDD7-4BC8-9A6B-7A65F8B2239E}"
EndProject
Project("{FAE04EC0-301F-11D3-BF4B-00C04F79EFBC}") = "sfs.IPAddressToCountryResolver", "sfs.IPAddressToCountryResolver\sfs.IPAddressToCountryResolver.csproj", "{78FBFB6D-7A6F-4093-9CBB-3D30640EECB0}"
EndProject
Project("{FAE04EC0-301F-11D3-BF4B-00C04F79EFBC}") = "MenuManager", "MenuManager\MenuManager.csproj", "{2CBB5705-0D78-48CA-82C6-C7B711E9C5AC}"
EndProject
Project("{FAE04EC0-301F-11D3-BF4B-00C04F79EFBC}") = "ModuleManager", "ModuleManager\ModuleManager.csproj", "{1BC7FD65-99E1-47BB-8BB4-AECFF172C8A7}"
EndProject
Project("{FAE04EC0-301F-11D3-BF4B-00C04F79EFBC}") = "sfs.OauthID", "sfs.OauthID\sfs.OauthID.csproj", "{DD1A70BA-4580-421F-A416-DFC6019CB8D5}"
EndProject
Project("{FAE04EC0-301F-11D3-BF4B-00C04F79EFBC}") = "sfs.PortalManagement", "sfs.PortalManagement\sfs.PortalManagement.csproj", "{9D8E2ECB-4109-45AD-9F55-3A9A77D0C509}"
EndProject
Project("{FAE04EC0-301F-11D3-BF4B-00C04F79EFBC}") = "sfs.Scheduler", "sfs.Scheduler\sfs.Scheduler.csproj", "{BEB6ABA2-C89A-4431-A4AB-CDC2C78A7A01}"
EndProject
Project("{FAE04EC0-301F-11D3-BF4B-00C04F79EFBC}") = "DashboardControl", "DashboardControl\DashboardControl.csproj", "{44F3ED08-9294-4EEC-A937-F31CF2A2E5A2}"
EndProject
Project("{FAE04EC0-301F-11D3-BF4B-00C04F79EFBC}") = "sfs.BreadCrum", "sfs.BreadCrum\sfs.BreadCrum.csproj", "{966BF1E4-9020-4211-A249-C7EED7DAAA9B}"
EndProject
Project("{FAE04EC0-301F-11D3-BF4B-00C04F79EFBC}") = "sfs.ContactUs", "sfs.ContactUs\sfs.ContactUs.csproj", "{F2203273-ADCD-4623-9D44-6F4BD7AE33E0}"
EndProject
Project("{FAE04EC0-301F-11D3-BF4B-00C04F79EFBC}") = "sfs.Dashboard", "sfs.Dashboard\sfs.Dashboard.csproj", "{B0BADFA1-0002-4E55-B6D8-4C0D61BB5CB7}"
EndProject
Project("{FAE04EC0-301F-11D3-BF4B-00C04F79EFBC}") = "sfs.FileManager", "sfs.FileManager\sfs.FileManager.csproj", "{F4679195-53AF-4EB8-B90D-665B1CE77184}"
EndProject
Project("{FAE04EC0-301F-11D3-BF4B-00C04F79EFBC}") = "sfs.Localization", "sfs.Localization\sfs.Localization.csproj", "{C30595F8-4B7C-465E-8227-99675C6B16F9}"
EndProject
Project("{FAE04EC0-301F-11D3-BF4B-00C04F79EFBC}") = "sfs.Logo", "sfs.Logo\sfs.Logo.csproj", "{97E060AD-CAEF-47B4-9AC3-61AD2E0A21A1}"
EndProject
Project("{FAE04EC0-301F-11D3-BF4B-00C04F79EFBC}") = "sfs.SageBanner", "sfs.SageBanner\sfs.SageBanner.csproj", "{DBEDB7C7-5EFF-4229-AF1C-333EC6DBA96B}"
EndProject
Project("{FAE04EC0-301F-11D3-BF4B-00C04F79EFBC}") = "sfs.SEOExtension", "sfs.SEOExtension\sfs.SEOExtension.csproj", "{D86E0680-09BC-4E73-9869-3264C9045F24}"
EndProject
Project("{FAE04EC0-301F-11D3-BF4B-00C04F79EFBC}") = "SfsCommerce.AdvanceSearch", "SfsCommerce.AdvanceSearch\SfsCommerce.AdvanceSearch.csproj", "{C0A3CB56-0D49-4292-8592-9FABAEFEC250}"
EndProject
Project("{FAE04EC0-301F-11D3-BF4B-00C04F79EFBC}") = "SfsCommerce.MegaCategory", "SfsCommerce.MegaCategory\SfsCommerce.MegaCategory.csproj", "{6689A4CB-5F53-4712-B047-20A90D999D2D}"
EndProject
Project("{FAE04EC0-301F-11D3-BF4B-00C04F79EFBC}") = "SfsCommerce.BrandView", "SfsCommerce.BrandView\SfsCommerce.BrandView.csproj", "{B78EAA0A-4111-4A40-AD1C-D4C732AD1035}"
EndProject
Project("{FAE04EC0-301F-11D3-BF4B-00C04F79EFBC}") = "SfsCommerce.AIM", "SfsCommerce.AIM\SfsCommerce.AIM.csproj", "{D521A265-721F-457D-8C9A-5071A8C2FCE7}"
EndProject
Project("{FAE04EC0-301F-11D3-BF4B-00C04F79EFBC}") = "SfsCommerce.CashOnDelivery", "SfsCommerce.CashOnDelivery\SfsCommerce.CashOnDelivery.csproj", "{B1E87131-C57F-45C5-93C5-082E8332F852}"
EndProject
Project("{FAE04EC0-301F-11D3-BF4B-00C04F79EFBC}") = "SfsCommerce.CompareItem", "SfsCommerce.CompareItem\SfsCommerce.CompareItem.csproj", "{203016DD-B40B-492E-82C1-19B72E653E7A}"
EndProject
Project("{FAE04EC0-301F-11D3-BF4B-00C04F79EFBC}") = "SfsCommerce.ImageResizer", "SfsCommerce.ImageResizer\SfsCommerce.ImageResizer.csproj", "{72A79A38-4431-4383-8D72-48FEA2DE6144}"
EndProject
Project("{FAE04EC0-301F-11D3-BF4B-00C04F79EFBC}") = "SfsCommerce.LatestItems", "SfsCommerce.LatestItems\SfsCommerce.LatestItems.csproj", "{4A059847-E14F-4536-946D-B8F78EB0DD7D}"
EndProject
Project("{FAE04EC0-301F-11D3-BF4B-00C04F79EFBC}") = "SfsCommerce.PayPal", "SfsCommerce.PayPal\SfsCommerce.PayPal.csproj", "{D911529F-FF10-4160-AFD8-02263A9D1F08}"
EndProject
Project("{FAE04EC0-301F-11D3-BF4B-00C04F79EFBC}") = "SfsCommerce.RealTimeCartManagement", "SfsCommerce.RealTimeCartManagement\SfsCommerce.RealTimeCartManagement.csproj", "{2582518D-3B4A-4F68-BCE7-F69FC05CC855}"
EndProject
Project("{FAE04EC0-301F-11D3-BF4B-00C04F79EFBC}") = "SfsCommerce.RewardPoints", "SfsCommerce.RewardPoints\SfsCommerce.RewardPoints.csproj", "{03036173-44F4-44D4-94F9-9F79DDA4ADC5}"
EndProject
Project("{FAE04EC0-301F-11D3-BF4B-00C04F79EFBC}") = "SfsCommerce.USPS", "SfsCommerce.USPS\SfsCommerce.USPS.csproj", "{05F97B3E-F67F-4501-A8E1-A24C5F6E9900}"
EndProject
Project("{FAE04EC0-301F-11D3-BF4B-00C04F79EFBC}") = "SfsCommerce.ServiceItem", "SfsCommerce.ServiceItem\SfsCommerce.ServiceItem.csproj", "{90E8F0D8-B5B2-4D98-B2FC-8FA86E8C1805}"
EndProject
Project("{FAE04EC0-301F-11D3-BF4B-00C04F79EFBC}") = "SfsCommerce.SpecialItems", "SfsCommerce.SpecialItems\SfsCommerce.SpecialItems.csproj", "{237C9E2F-6D0C-40C5-A29D-99EF1BDB5A17}"
EndProject
Project("{FAE04EC0-301F-11D3-BF4B-00C04F79EFBC}") = "SfsCommerce.WishItem", "SfsCommerce.WishItem\SfsCommerce.WishItem.csproj", "{E62CE769-392C-4B7D-8968-0E6158B63720}"
EndProject
Project("{FAE04EC0-301F-11D3-BF4B-00C04F79EFBC}") = "SfsCommerce.YouMayAlsoLike", "SfsCommerce.YouMayAlsoLike\SfsCommerce.YouMayAlsoLike.csproj", "{F652693A-35DA-42E1-B3D7-325A087AB702}"
EndProject
Project("{FAE04EC0-301F-11D3-BF4B-00C04F79EFBC}") = "ServiceInvoker", "ServiceInvoker\ServiceInvoker.csproj", "{95CA00B8-6455-4265-8A52-FA20E37F2A5B}"
EndProject
Project("{FAE04EC0-301F-11D3-BF4B-00C04F79EFBC}") = "sfs.TaskToDo", "sfs.TaskToDo\sfs.TaskToDo.csproj", "{309EABAC-8039-4DCD-9A9B-C0EDFF4BADF8}"
EndProject
Project("{FAE04EC0-301F-11D3-BF4B-00C04F79EFBC}") = "SfsCommerce.PopularTags", "SfsCommerce.PopularTags\SfsCommerce.PopularTags.csproj", "{313E1495-CFEC-4A5A-B54D-BA6015656427}"
EndProject
Project("{FAE04EC0-301F-11D3-BF4B-00C04F79EFBC}") = "GoogleAdUnit", "GoogleAdUnit\GoogleAdUnit.csproj", "{2EED9453-53AA-46CA-9E02-35F7CB5B0B8D}"
EndProject
Project("{FAE04EC0-301F-11D3-BF4B-00C04F79EFBC}") = "SfsCommerce.GoogleCheckOut", "SfsCommerce.GoogleCheckOut\SfsCommerce.GoogleCheckOut.csproj", "{8BFE1577-7E45-45C6-8721-CB493FA32A93}"
EndProject
Project("{FAE04EC0-301F-11D3-BF4B-00C04F79EFBC}") = "SfsCommerce.Moneybookers", "SfsCommerce.Moneybookers\SfsCommerce.Moneybookers.csproj", "{D34AF274-070F-41E8-AFA3-00F8C1E8FC17}"
EndProject
Project("{E24C65DC-7377-472B-9ABA-BC803B73C61A}") = "sfsWeb", "sfsWeb\", "{DFDCE762-53F2-46BC-AC13-5C9BE018A8EF}"
	ProjectSection(WebsiteProperties) = preProject
		TargetFrameworkMoniker = ".NETFramework,Version%3Dv4.5"
		ProjectReferences = "{89999198-74ce-4c0e-a9ef-5addf36f5d97}|sfs.Core.dll;{22C5D7FE-B4C4-4498-938B-FD6748643C12}|sfs.CDN.dll;{0ED47FAD-2357-4378-895E-4AB4BD17438C}|sfs.Common.dll;{5D984BA3-DD6D-411B-AF0E-F6C86B0B7752}|sfs.Security.dll;{3CC3E4A8-DCCE-438A-A86A-90F56331ADEE}|sfs.Templating.dll;{b0badfa1-0002-4e55-b6d8-4c0d61bb5cb7}|sfs.Dashboard.dll;{95ca00b8-6455-4265-8a52-fa20e37f2a5b}|ServiceInvoker.dll;{f4679195-53af-4eb8-b90d-665b1ce77184}|sfs.FileManager.dll;{1bc7fd65-99e1-47bb-8bb4-aecff172c8a7}|ModuleManager.dll;{dd1a70ba-4580-421f-a416-dfc6019cb8d5}|sfs.OauthID.dll;{2cbb5705-0d78-48ca-82c6-c7b711e9c5ac}|MenuManager.dll;{C8DE51AE-5DB3-48EE-9CB4-33521B9EFFD4}|sfs.Pages.dll;{9d8e2ecb-4109-45ad-9f55-3a9a77d0c509}|sfs.PortalManagement.dll;{c30595f8-4b7c-465e-8227-99675c6b16f9}|sfs.Localization.dll;{beb6aba2-c89a-4431-a4ab-cdc2c78a7a01}|sfs.Scheduler.dll;{309eabac-8039-4dcd-9a9b-c0edff4badf8}|sfs.TaskToDo.dll;{d521a265-721f-457d-8c9a-5071a8c2fce7}|SfsCommerce.AIM.dll;{34150E95-C25D-4649-8EF3-26968E7BA1A9}|SfsCommerce.Core.dll;{78A4EDCA-1FE0-4044-B511-4D972822A252}|CurrencyConverter.dll;{C3A5590E-B9FF-40C1-A364-3278D434169B}|sfs.NewsLetter.dll;{78fbfb6d-7a6f-4093-9cbb-3d30640eecb0}|sfs.IPAddressToCountryResolver.dll;{313E1495-CFEC-4A5A-B54D-BA6015656427}|SfsCommerce.PopularTags.dll;{2eed9453-53aa-46ca-9e02-35f7cb5b0b8d}|GoogleAdUnit.dll;{5ae91efc-edd7-4bc8-9a6b-7a65f8b2239e}|sfs.ExtractTemplate.dll;{97e060ad-caef-47b4-9ac3-61ad2e0a21a1}|sfs.Logo.dll;{dbedb7c7-5eff-4229-af1c-333ec6dba96b}|sfs.SageBanner.dll;"
		Debug.AspNetCompiler.VirtualPath = "/localhost_5180"
		Debug.AspNetCompiler.PhysicalPath = "sfsWeb\"
		Debug.AspNetCompiler.TargetPath = "PrecompiledWeb\localhost_5180\"
		Debug.AspNetCompiler.Updateable = "true"
		Debug.AspNetCompiler.ForceOverwrite = "true"
		Debug.AspNetCompiler.FixedNames = "false"
		Debug.AspNetCompiler.Debug = "True"
		Release.AspNetCompiler.VirtualPath = "/localhost_5180"
		Release.AspNetCompiler.PhysicalPath = "sfsWeb\"
		Release.AspNetCompiler.TargetPath = "PrecompiledWeb\localhost_5180\"
		Release.AspNetCompiler.Updateable = "true"
		Release.AspNetCompiler.ForceOverwrite = "true"
		Release.AspNetCompiler.FixedNames = "false"
		Release.AspNetCompiler.Debug = "False"
		VWDPort = "5704"
		DefaultWebSiteLanguage = "Visual C#"
	EndProjectSection
EndProject
Project("{FAE04EC0-301F-11D3-BF4B-00C04F79EFBC}") = "sfs.FAQ", "sfs.FAQ\sfs.FAQ.csproj", "{1BCF2BCA-C53D-4B02-AA99-F7B7F863B763}"
EndProject
Global
	GlobalSection(SolutionConfigurationPlatforms) = preSolution
		Debug|Any CPU = Debug|Any CPU
		Release|Any CPU = Release|Any CPU
	EndGlobalSection
	GlobalSection(ProjectConfigurationPlatforms) = postSolution
		{C723A582-5870-4D4B-B3D4-BEE74502BE23}.Debug|Any CPU.ActiveCfg = Debug|Any CPU
		{C723A582-5870-4D4B-B3D4-BEE74502BE23}.Debug|Any CPU.Build.0 = Debug|Any CPU
		{C723A582-5870-4D4B-B3D4-BEE74502BE23}.Release|Any CPU.ActiveCfg = Release|Any CPU
		{C723A582-5870-4D4B-B3D4-BEE74502BE23}.Release|Any CPU.Build.0 = Release|Any CPU
		{34150E95-C25D-4649-8EF3-26968E7BA1A9}.Debug|Any CPU.ActiveCfg = Debug|Any CPU
		{34150E95-C25D-4649-8EF3-26968E7BA1A9}.Debug|Any CPU.Build.0 = Debug|Any CPU
		{34150E95-C25D-4649-8EF3-26968E7BA1A9}.Release|Any CPU.ActiveCfg = Release|Any CPU
		{34150E95-C25D-4649-8EF3-26968E7BA1A9}.Release|Any CPU.Build.0 = Release|Any CPU
		{89999198-74CE-4C0E-A9EF-5ADDF36F5D97}.Debug|Any CPU.ActiveCfg = Debug|Any CPU
		{89999198-74CE-4C0E-A9EF-5ADDF36F5D97}.Debug|Any CPU.Build.0 = Debug|Any CPU
		{89999198-74CE-4C0E-A9EF-5ADDF36F5D97}.Release|Any CPU.ActiveCfg = Release|Any CPU
		{89999198-74CE-4C0E-A9EF-5ADDF36F5D97}.Release|Any CPU.Build.0 = Release|Any CPU
		{0ED47FAD-2357-4378-895E-4AB4BD17438C}.Debug|Any CPU.ActiveCfg = Debug|Any CPU
		{0ED47FAD-2357-4378-895E-4AB4BD17438C}.Debug|Any CPU.Build.0 = Debug|Any CPU
		{0ED47FAD-2357-4378-895E-4AB4BD17438C}.Release|Any CPU.ActiveCfg = Release|Any CPU
		{0ED47FAD-2357-4378-895E-4AB4BD17438C}.Release|Any CPU.Build.0 = Release|Any CPU
		{22C5D7FE-B4C4-4498-938B-FD6748643C12}.Debug|Any CPU.ActiveCfg = Debug|Any CPU
		{22C5D7FE-B4C4-4498-938B-FD6748643C12}.Debug|Any CPU.Build.0 = Debug|Any CPU
		{22C5D7FE-B4C4-4498-938B-FD6748643C12}.Release|Any CPU.ActiveCfg = Release|Any CPU
		{22C5D7FE-B4C4-4498-938B-FD6748643C12}.Release|Any CPU.Build.0 = Release|Any CPU
		{3CC3E4A8-DCCE-438A-A86A-90F56331ADEE}.Debug|Any CPU.ActiveCfg = Debug|Any CPU
		{3CC3E4A8-DCCE-438A-A86A-90F56331ADEE}.Debug|Any CPU.Build.0 = Debug|Any CPU
		{3CC3E4A8-DCCE-438A-A86A-90F56331ADEE}.Release|Any CPU.ActiveCfg = Release|Any CPU
		{3CC3E4A8-DCCE-438A-A86A-90F56331ADEE}.Release|Any CPU.Build.0 = Release|Any CPU
		{5D984BA3-DD6D-411B-AF0E-F6C86B0B7752}.Debug|Any CPU.ActiveCfg = Debug|Any CPU
		{5D984BA3-DD6D-411B-AF0E-F6C86B0B7752}.Debug|Any CPU.Build.0 = Debug|Any CPU
		{5D984BA3-DD6D-411B-AF0E-F6C86B0B7752}.Release|Any CPU.ActiveCfg = Release|Any CPU
		{5D984BA3-DD6D-411B-AF0E-F6C86B0B7752}.Release|Any CPU.Build.0 = Release|Any CPU
		{C8DE51AE-5DB3-48EE-9CB4-33521B9EFFD4}.Debug|Any CPU.ActiveCfg = Debug|Any CPU
		{C8DE51AE-5DB3-48EE-9CB4-33521B9EFFD4}.Debug|Any CPU.Build.0 = Debug|Any CPU
		{C8DE51AE-5DB3-48EE-9CB4-33521B9EFFD4}.Release|Any CPU.ActiveCfg = Release|Any CPU
		{C8DE51AE-5DB3-48EE-9CB4-33521B9EFFD4}.Release|Any CPU.Build.0 = Release|Any CPU
		{C3A5590E-B9FF-40C1-A364-3278D434169B}.Debug|Any CPU.ActiveCfg = Debug|Any CPU
		{C3A5590E-B9FF-40C1-A364-3278D434169B}.Debug|Any CPU.Build.0 = Debug|Any CPU
		{C3A5590E-B9FF-40C1-A364-3278D434169B}.Release|Any CPU.ActiveCfg = Release|Any CPU
		{C3A5590E-B9FF-40C1-A364-3278D434169B}.Release|Any CPU.Build.0 = Release|Any CPU
		{78A4EDCA-1FE0-4044-B511-4D972822A252}.Debug|Any CPU.ActiveCfg = Debug|Any CPU
		{78A4EDCA-1FE0-4044-B511-4D972822A252}.Debug|Any CPU.Build.0 = Debug|Any CPU
		{78A4EDCA-1FE0-4044-B511-4D972822A252}.Release|Any CPU.ActiveCfg = Release|Any CPU
		{78A4EDCA-1FE0-4044-B511-4D972822A252}.Release|Any CPU.Build.0 = Release|Any CPU
		{5AE91EFC-EDD7-4BC8-9A6B-7A65F8B2239E}.Debug|Any CPU.ActiveCfg = Debug|Any CPU
		{5AE91EFC-EDD7-4BC8-9A6B-7A65F8B2239E}.Debug|Any CPU.Build.0 = Debug|Any CPU
		{5AE91EFC-EDD7-4BC8-9A6B-7A65F8B2239E}.Release|Any CPU.ActiveCfg = Release|Any CPU
		{5AE91EFC-EDD7-4BC8-9A6B-7A65F8B2239E}.Release|Any CPU.Build.0 = Release|Any CPU
		{78FBFB6D-7A6F-4093-9CBB-3D30640EECB0}.Debug|Any CPU.ActiveCfg = Debug|Any CPU
		{78FBFB6D-7A6F-4093-9CBB-3D30640EECB0}.Debug|Any CPU.Build.0 = Debug|Any CPU
		{78FBFB6D-7A6F-4093-9CBB-3D30640EECB0}.Release|Any CPU.ActiveCfg = Release|Any CPU
		{78FBFB6D-7A6F-4093-9CBB-3D30640EECB0}.Release|Any CPU.Build.0 = Release|Any CPU
		{2CBB5705-0D78-48CA-82C6-C7B711E9C5AC}.Debug|Any CPU.ActiveCfg = Debug|Any CPU
		{2CBB5705-0D78-48CA-82C6-C7B711E9C5AC}.Debug|Any CPU.Build.0 = Debug|Any CPU
		{2CBB5705-0D78-48CA-82C6-C7B711E9C5AC}.Release|Any CPU.ActiveCfg = Release|Any CPU
		{2CBB5705-0D78-48CA-82C6-C7B711E9C5AC}.Release|Any CPU.Build.0 = Release|Any CPU
		{1BC7FD65-99E1-47BB-8BB4-AECFF172C8A7}.Debug|Any CPU.ActiveCfg = Debug|Any CPU
		{1BC7FD65-99E1-47BB-8BB4-AECFF172C8A7}.Debug|Any CPU.Build.0 = Debug|Any CPU
		{1BC7FD65-99E1-47BB-8BB4-AECFF172C8A7}.Release|Any CPU.ActiveCfg = Release|Any CPU
		{1BC7FD65-99E1-47BB-8BB4-AECFF172C8A7}.Release|Any CPU.Build.0 = Release|Any CPU
		{DD1A70BA-4580-421F-A416-DFC6019CB8D5}.Debug|Any CPU.ActiveCfg = Debug|Any CPU
		{DD1A70BA-4580-421F-A416-DFC6019CB8D5}.Debug|Any CPU.Build.0 = Debug|Any CPU
		{DD1A70BA-4580-421F-A416-DFC6019CB8D5}.Release|Any CPU.ActiveCfg = Release|Any CPU
		{DD1A70BA-4580-421F-A416-DFC6019CB8D5}.Release|Any CPU.Build.0 = Release|Any CPU
		{9D8E2ECB-4109-45AD-9F55-3A9A77D0C509}.Debug|Any CPU.ActiveCfg = Debug|Any CPU
		{9D8E2ECB-4109-45AD-9F55-3A9A77D0C509}.Debug|Any CPU.Build.0 = Debug|Any CPU
		{9D8E2ECB-4109-45AD-9F55-3A9A77D0C509}.Release|Any CPU.ActiveCfg = Release|Any CPU
		{9D8E2ECB-4109-45AD-9F55-3A9A77D0C509}.Release|Any CPU.Build.0 = Release|Any CPU
		{BEB6ABA2-C89A-4431-A4AB-CDC2C78A7A01}.Debug|Any CPU.ActiveCfg = Debug|Any CPU
		{BEB6ABA2-C89A-4431-A4AB-CDC2C78A7A01}.Debug|Any CPU.Build.0 = Debug|Any CPU
		{BEB6ABA2-C89A-4431-A4AB-CDC2C78A7A01}.Release|Any CPU.ActiveCfg = Release|Any CPU
		{BEB6ABA2-C89A-4431-A4AB-CDC2C78A7A01}.Release|Any CPU.Build.0 = Release|Any CPU
		{44F3ED08-9294-4EEC-A937-F31CF2A2E5A2}.Debug|Any CPU.ActiveCfg = Debug|Any CPU
		{44F3ED08-9294-4EEC-A937-F31CF2A2E5A2}.Debug|Any CPU.Build.0 = Debug|Any CPU
		{44F3ED08-9294-4EEC-A937-F31CF2A2E5A2}.Release|Any CPU.ActiveCfg = Release|Any CPU
		{44F3ED08-9294-4EEC-A937-F31CF2A2E5A2}.Release|Any CPU.Build.0 = Release|Any CPU
		{966BF1E4-9020-4211-A249-C7EED7DAAA9B}.Debug|Any CPU.ActiveCfg = Debug|Any CPU
		{966BF1E4-9020-4211-A249-C7EED7DAAA9B}.Debug|Any CPU.Build.0 = Debug|Any CPU
		{966BF1E4-9020-4211-A249-C7EED7DAAA9B}.Release|Any CPU.ActiveCfg = Release|Any CPU
		{966BF1E4-9020-4211-A249-C7EED7DAAA9B}.Release|Any CPU.Build.0 = Release|Any CPU
		{F2203273-ADCD-4623-9D44-6F4BD7AE33E0}.Debug|Any CPU.ActiveCfg = Debug|Any CPU
		{F2203273-ADCD-4623-9D44-6F4BD7AE33E0}.Debug|Any CPU.Build.0 = Debug|Any CPU
		{F2203273-ADCD-4623-9D44-6F4BD7AE33E0}.Release|Any CPU.ActiveCfg = Release|Any CPU
		{F2203273-ADCD-4623-9D44-6F4BD7AE33E0}.Release|Any CPU.Build.0 = Release|Any CPU
		{B0BADFA1-0002-4E55-B6D8-4C0D61BB5CB7}.Debug|Any CPU.ActiveCfg = Debug|Any CPU
		{B0BADFA1-0002-4E55-B6D8-4C0D61BB5CB7}.Debug|Any CPU.Build.0 = Debug|Any CPU
		{B0BADFA1-0002-4E55-B6D8-4C0D61BB5CB7}.Release|Any CPU.ActiveCfg = Release|Any CPU
		{B0BADFA1-0002-4E55-B6D8-4C0D61BB5CB7}.Release|Any CPU.Build.0 = Release|Any CPU
		{F4679195-53AF-4EB8-B90D-665B1CE77184}.Debug|Any CPU.ActiveCfg = Debug|Any CPU
		{F4679195-53AF-4EB8-B90D-665B1CE77184}.Debug|Any CPU.Build.0 = Debug|Any CPU
		{F4679195-53AF-4EB8-B90D-665B1CE77184}.Release|Any CPU.ActiveCfg = Release|Any CPU
		{F4679195-53AF-4EB8-B90D-665B1CE77184}.Release|Any CPU.Build.0 = Release|Any CPU
		{C30595F8-4B7C-465E-8227-99675C6B16F9}.Debug|Any CPU.ActiveCfg = Debug|Any CPU
		{C30595F8-4B7C-465E-8227-99675C6B16F9}.Debug|Any CPU.Build.0 = Debug|Any CPU
		{C30595F8-4B7C-465E-8227-99675C6B16F9}.Release|Any CPU.ActiveCfg = Release|Any CPU
		{C30595F8-4B7C-465E-8227-99675C6B16F9}.Release|Any CPU.Build.0 = Release|Any CPU
		{97E060AD-CAEF-47B4-9AC3-61AD2E0A21A1}.Debug|Any CPU.ActiveCfg = Debug|Any CPU
		{97E060AD-CAEF-47B4-9AC3-61AD2E0A21A1}.Debug|Any CPU.Build.0 = Debug|Any CPU
		{97E060AD-CAEF-47B4-9AC3-61AD2E0A21A1}.Release|Any CPU.ActiveCfg = Release|Any CPU
		{97E060AD-CAEF-47B4-9AC3-61AD2E0A21A1}.Release|Any CPU.Build.0 = Release|Any CPU
		{DBEDB7C7-5EFF-4229-AF1C-333EC6DBA96B}.Debug|Any CPU.ActiveCfg = Debug|Any CPU
		{DBEDB7C7-5EFF-4229-AF1C-333EC6DBA96B}.Debug|Any CPU.Build.0 = Debug|Any CPU
		{DBEDB7C7-5EFF-4229-AF1C-333EC6DBA96B}.Release|Any CPU.ActiveCfg = Release|Any CPU
		{DBEDB7C7-5EFF-4229-AF1C-333EC6DBA96B}.Release|Any CPU.Build.0 = Release|Any CPU
		{D86E0680-09BC-4E73-9869-3264C9045F24}.Debug|Any CPU.ActiveCfg = Debug|Any CPU
		{D86E0680-09BC-4E73-9869-3264C9045F24}.Debug|Any CPU.Build.0 = Debug|Any CPU
		{D86E0680-09BC-4E73-9869-3264C9045F24}.Release|Any CPU.ActiveCfg = Release|Any CPU
		{D86E0680-09BC-4E73-9869-3264C9045F24}.Release|Any CPU.Build.0 = Release|Any CPU
		{C0A3CB56-0D49-4292-8592-9FABAEFEC250}.Debug|Any CPU.ActiveCfg = Debug|Any CPU
		{C0A3CB56-0D49-4292-8592-9FABAEFEC250}.Debug|Any CPU.Build.0 = Debug|Any CPU
		{C0A3CB56-0D49-4292-8592-9FABAEFEC250}.Release|Any CPU.ActiveCfg = Release|Any CPU
		{C0A3CB56-0D49-4292-8592-9FABAEFEC250}.Release|Any CPU.Build.0 = Release|Any CPU
		{6689A4CB-5F53-4712-B047-20A90D999D2D}.Debug|Any CPU.ActiveCfg = Debug|Any CPU
		{6689A4CB-5F53-4712-B047-20A90D999D2D}.Debug|Any CPU.Build.0 = Debug|Any CPU
		{6689A4CB-5F53-4712-B047-20A90D999D2D}.Release|Any CPU.ActiveCfg = Release|Any CPU
		{6689A4CB-5F53-4712-B047-20A90D999D2D}.Release|Any CPU.Build.0 = Release|Any CPU
		{B78EAA0A-4111-4A40-AD1C-D4C732AD1035}.Debug|Any CPU.ActiveCfg = Debug|Any CPU
		{B78EAA0A-4111-4A40-AD1C-D4C732AD1035}.Debug|Any CPU.Build.0 = Debug|Any CPU
		{B78EAA0A-4111-4A40-AD1C-D4C732AD1035}.Release|Any CPU.ActiveCfg = Release|Any CPU
		{B78EAA0A-4111-4A40-AD1C-D4C732AD1035}.Release|Any CPU.Build.0 = Release|Any CPU
		{D521A265-721F-457D-8C9A-5071A8C2FCE7}.Debug|Any CPU.ActiveCfg = Debug|Any CPU
		{D521A265-721F-457D-8C9A-5071A8C2FCE7}.Debug|Any CPU.Build.0 = Debug|Any CPU
		{D521A265-721F-457D-8C9A-5071A8C2FCE7}.Release|Any CPU.ActiveCfg = Release|Any CPU
		{D521A265-721F-457D-8C9A-5071A8C2FCE7}.Release|Any CPU.Build.0 = Release|Any CPU
		{B1E87131-C57F-45C5-93C5-082E8332F852}.Debug|Any CPU.ActiveCfg = Debug|Any CPU
		{B1E87131-C57F-45C5-93C5-082E8332F852}.Debug|Any CPU.Build.0 = Debug|Any CPU
		{B1E87131-C57F-45C5-93C5-082E8332F852}.Release|Any CPU.ActiveCfg = Release|Any CPU
		{B1E87131-C57F-45C5-93C5-082E8332F852}.Release|Any CPU.Build.0 = Release|Any CPU
		{203016DD-B40B-492E-82C1-19B72E653E7A}.Debug|Any CPU.ActiveCfg = Debug|Any CPU
		{203016DD-B40B-492E-82C1-19B72E653E7A}.Debug|Any CPU.Build.0 = Debug|Any CPU
		{203016DD-B40B-492E-82C1-19B72E653E7A}.Release|Any CPU.ActiveCfg = Release|Any CPU
		{203016DD-B40B-492E-82C1-19B72E653E7A}.Release|Any CPU.Build.0 = Release|Any CPU
		{72A79A38-4431-4383-8D72-48FEA2DE6144}.Debug|Any CPU.ActiveCfg = Debug|Any CPU
		{72A79A38-4431-4383-8D72-48FEA2DE6144}.Debug|Any CPU.Build.0 = Debug|Any CPU
		{72A79A38-4431-4383-8D72-48FEA2DE6144}.Release|Any CPU.ActiveCfg = Release|Any CPU
		{72A79A38-4431-4383-8D72-48FEA2DE6144}.Release|Any CPU.Build.0 = Release|Any CPU
		{4A059847-E14F-4536-946D-B8F78EB0DD7D}.Debug|Any CPU.ActiveCfg = Debug|Any CPU
		{4A059847-E14F-4536-946D-B8F78EB0DD7D}.Debug|Any CPU.Build.0 = Debug|Any CPU
		{4A059847-E14F-4536-946D-B8F78EB0DD7D}.Release|Any CPU.ActiveCfg = Release|Any CPU
		{4A059847-E14F-4536-946D-B8F78EB0DD7D}.Release|Any CPU.Build.0 = Release|Any CPU
		{D911529F-FF10-4160-AFD8-02263A9D1F08}.Debug|Any CPU.ActiveCfg = Debug|Any CPU
		{D911529F-FF10-4160-AFD8-02263A9D1F08}.Debug|Any CPU.Build.0 = Debug|Any CPU
		{D911529F-FF10-4160-AFD8-02263A9D1F08}.Release|Any CPU.ActiveCfg = Release|Any CPU
		{D911529F-FF10-4160-AFD8-02263A9D1F08}.Release|Any CPU.Build.0 = Release|Any CPU
		{2582518D-3B4A-4F68-BCE7-F69FC05CC855}.Debug|Any CPU.ActiveCfg = Debug|Any CPU
		{2582518D-3B4A-4F68-BCE7-F69FC05CC855}.Debug|Any CPU.Build.0 = Debug|Any CPU
		{2582518D-3B4A-4F68-BCE7-F69FC05CC855}.Release|Any CPU.ActiveCfg = Release|Any CPU
		{2582518D-3B4A-4F68-BCE7-F69FC05CC855}.Release|Any CPU.Build.0 = Release|Any CPU
		{03036173-44F4-44D4-94F9-9F79DDA4ADC5}.Debug|Any CPU.ActiveCfg = Debug|Any CPU
		{03036173-44F4-44D4-94F9-9F79DDA4ADC5}.Debug|Any CPU.Build.0 = Debug|Any CPU
		{03036173-44F4-44D4-94F9-9F79DDA4ADC5}.Release|Any CPU.ActiveCfg = Release|Any CPU
		{03036173-44F4-44D4-94F9-9F79DDA4ADC5}.Release|Any CPU.Build.0 = Release|Any CPU
		{05F97B3E-F67F-4501-A8E1-A24C5F6E9900}.Debug|Any CPU.ActiveCfg = Debug|Any CPU
		{05F97B3E-F67F-4501-A8E1-A24C5F6E9900}.Debug|Any CPU.Build.0 = Debug|Any CPU
		{05F97B3E-F67F-4501-A8E1-A24C5F6E9900}.Release|Any CPU.ActiveCfg = Release|Any CPU
		{05F97B3E-F67F-4501-A8E1-A24C5F6E9900}.Release|Any CPU.Build.0 = Release|Any CPU
		{90E8F0D8-B5B2-4D98-B2FC-8FA86E8C1805}.Debug|Any CPU.ActiveCfg = Debug|Any CPU
		{90E8F0D8-B5B2-4D98-B2FC-8FA86E8C1805}.Debug|Any CPU.Build.0 = Debug|Any CPU
		{90E8F0D8-B5B2-4D98-B2FC-8FA86E8C1805}.Release|Any CPU.ActiveCfg = Release|Any CPU
		{90E8F0D8-B5B2-4D98-B2FC-8FA86E8C1805}.Release|Any CPU.Build.0 = Release|Any CPU
		{237C9E2F-6D0C-40C5-A29D-99EF1BDB5A17}.Debug|Any CPU.ActiveCfg = Debug|Any CPU
		{237C9E2F-6D0C-40C5-A29D-99EF1BDB5A17}.Debug|Any CPU.Build.0 = Debug|Any CPU
		{237C9E2F-6D0C-40C5-A29D-99EF1BDB5A17}.Release|Any CPU.ActiveCfg = Release|Any CPU
		{237C9E2F-6D0C-40C5-A29D-99EF1BDB5A17}.Release|Any CPU.Build.0 = Release|Any CPU
		{E62CE769-392C-4B7D-8968-0E6158B63720}.Debug|Any CPU.ActiveCfg = Debug|Any CPU
		{E62CE769-392C-4B7D-8968-0E6158B63720}.Debug|Any CPU.Build.0 = Debug|Any CPU
		{E62CE769-392C-4B7D-8968-0E6158B63720}.Release|Any CPU.ActiveCfg = Release|Any CPU
		{E62CE769-392C-4B7D-8968-0E6158B63720}.Release|Any CPU.Build.0 = Release|Any CPU
		{F652693A-35DA-42E1-B3D7-325A087AB702}.Debug|Any CPU.ActiveCfg = Debug|Any CPU
		{F652693A-35DA-42E1-B3D7-325A087AB702}.Debug|Any CPU.Build.0 = Debug|Any CPU
		{F652693A-35DA-42E1-B3D7-325A087AB702}.Release|Any CPU.ActiveCfg = Release|Any CPU
		{F652693A-35DA-42E1-B3D7-325A087AB702}.Release|Any CPU.Build.0 = Release|Any CPU
		{95CA00B8-6455-4265-8A52-FA20E37F2A5B}.Debug|Any CPU.ActiveCfg = Debug|Any CPU
		{95CA00B8-6455-4265-8A52-FA20E37F2A5B}.Debug|Any CPU.Build.0 = Debug|Any CPU
		{95CA00B8-6455-4265-8A52-FA20E37F2A5B}.Release|Any CPU.ActiveCfg = Release|Any CPU
		{95CA00B8-6455-4265-8A52-FA20E37F2A5B}.Release|Any CPU.Build.0 = Release|Any CPU
		{309EABAC-8039-4DCD-9A9B-C0EDFF4BADF8}.Debug|Any CPU.ActiveCfg = Debug|Any CPU
		{309EABAC-8039-4DCD-9A9B-C0EDFF4BADF8}.Debug|Any CPU.Build.0 = Debug|Any CPU
		{309EABAC-8039-4DCD-9A9B-C0EDFF4BADF8}.Release|Any CPU.ActiveCfg = Release|Any CPU
		{309EABAC-8039-4DCD-9A9B-C0EDFF4BADF8}.Release|Any CPU.Build.0 = Release|Any CPU
		{313E1495-CFEC-4A5A-B54D-BA6015656427}.Debug|Any CPU.ActiveCfg = Debug|Any CPU
		{313E1495-CFEC-4A5A-B54D-BA6015656427}.Debug|Any CPU.Build.0 = Debug|Any CPU
		{313E1495-CFEC-4A5A-B54D-BA6015656427}.Release|Any CPU.ActiveCfg = Release|Any CPU
		{313E1495-CFEC-4A5A-B54D-BA6015656427}.Release|Any CPU.Build.0 = Release|Any CPU
		{2EED9453-53AA-46CA-9E02-35F7CB5B0B8D}.Debug|Any CPU.ActiveCfg = Debug|Any CPU
		{2EED9453-53AA-46CA-9E02-35F7CB5B0B8D}.Debug|Any CPU.Build.0 = Debug|Any CPU
		{2EED9453-53AA-46CA-9E02-35F7CB5B0B8D}.Release|Any CPU.ActiveCfg = Release|Any CPU
		{2EED9453-53AA-46CA-9E02-35F7CB5B0B8D}.Release|Any CPU.Build.0 = Release|Any CPU
		{8BFE1577-7E45-45C6-8721-CB493FA32A93}.Debug|Any CPU.ActiveCfg = Debug|Any CPU
		{8BFE1577-7E45-45C6-8721-CB493FA32A93}.Debug|Any CPU.Build.0 = Debug|Any CPU
		{8BFE1577-7E45-45C6-8721-CB493FA32A93}.Release|Any CPU.ActiveCfg = Release|Any CPU
		{8BFE1577-7E45-45C6-8721-CB493FA32A93}.Release|Any CPU.Build.0 = Release|Any CPU
		{D34AF274-070F-41E8-AFA3-00F8C1E8FC17}.Debug|Any CPU.ActiveCfg = Debug|Any CPU
		{D34AF274-070F-41E8-AFA3-00F8C1E8FC17}.Debug|Any CPU.Build.0 = Debug|Any CPU
		{D34AF274-070F-41E8-AFA3-00F8C1E8FC17}.Release|Any CPU.ActiveCfg = Release|Any CPU
		{D34AF274-070F-41E8-AFA3-00F8C1E8FC17}.Release|Any CPU.Build.0 = Release|Any CPU
		{DFDCE762-53F2-46BC-AC13-5C9BE018A8EF}.Debug|Any CPU.ActiveCfg = Debug|Any CPU
		{DFDCE762-53F2-46BC-AC13-5C9BE018A8EF}.Debug|Any CPU.Build.0 = Debug|Any CPU
		{DFDCE762-53F2-46BC-AC13-5C9BE018A8EF}.Release|Any CPU.ActiveCfg = Debug|Any CPU
		{DFDCE762-53F2-46BC-AC13-5C9BE018A8EF}.Release|Any CPU.Build.0 = Debug|Any CPU
		{1BCF2BCA-C53D-4B02-AA99-F7B7F863B763}.Debug|Any CPU.ActiveCfg = Debug|Any CPU
		{1BCF2BCA-C53D-4B02-AA99-F7B7F863B763}.Debug|Any CPU.Build.0 = Debug|Any CPU
		{1BCF2BCA-C53D-4B02-AA99-F7B7F863B763}.Release|Any CPU.ActiveCfg = Release|Any CPU
		{1BCF2BCA-C53D-4B02-AA99-F7B7F863B763}.Release|Any CPU.Build.0 = Release|Any CPU
	EndGlobalSection
	GlobalSection(SolutionProperties) = preSolution
		HideSolutionNode = FALSE
	EndGlobalSection
	GlobalSection(NestedProjects) = preSolution
		{1D1B34E7-4792-433B-8960-2AA4B78A8DA3} = {E3301F9F-5AA5-412A-801E-FA917A943A07}
		{076AC6ED-C3B5-4474-BB37-57422806C95A} = {E3301F9F-5AA5-412A-801E-FA917A943A07}
		{33261812-1C91-47C7-B72F-6CF12E3233DB} = {E3301F9F-5AA5-412A-801E-FA917A943A07}
		{C723A582-5870-4D4B-B3D4-BEE74502BE23} = {1D1B34E7-4792-433B-8960-2AA4B78A8DA3}
		{34150E95-C25D-4649-8EF3-26968E7BA1A9} = {1D1B34E7-4792-433B-8960-2AA4B78A8DA3}
		{78A4EDCA-1FE0-4044-B511-4D972822A252} = {1D1B34E7-4792-433B-8960-2AA4B78A8DA3}
		{C0A3CB56-0D49-4292-8592-9FABAEFEC250} = {1D1B34E7-4792-433B-8960-2AA4B78A8DA3}
		{6689A4CB-5F53-4712-B047-20A90D999D2D} = {1D1B34E7-4792-433B-8960-2AA4B78A8DA3}
		{B78EAA0A-4111-4A40-AD1C-D4C732AD1035} = {1D1B34E7-4792-433B-8960-2AA4B78A8DA3}
		{D521A265-721F-457D-8C9A-5071A8C2FCE7} = {1D1B34E7-4792-433B-8960-2AA4B78A8DA3}
		{B1E87131-C57F-45C5-93C5-082E8332F852} = {1D1B34E7-4792-433B-8960-2AA4B78A8DA3}
		{203016DD-B40B-492E-82C1-19B72E653E7A} = {1D1B34E7-4792-433B-8960-2AA4B78A8DA3}
		{72A79A38-4431-4383-8D72-48FEA2DE6144} = {1D1B34E7-4792-433B-8960-2AA4B78A8DA3}
		{4A059847-E14F-4536-946D-B8F78EB0DD7D} = {1D1B34E7-4792-433B-8960-2AA4B78A8DA3}
		{D911529F-FF10-4160-AFD8-02263A9D1F08} = {1D1B34E7-4792-433B-8960-2AA4B78A8DA3}
		{2582518D-3B4A-4F68-BCE7-F69FC05CC855} = {1D1B34E7-4792-433B-8960-2AA4B78A8DA3}
		{03036173-44F4-44D4-94F9-9F79DDA4ADC5} = {1D1B34E7-4792-433B-8960-2AA4B78A8DA3}
		{05F97B3E-F67F-4501-A8E1-A24C5F6E9900} = {1D1B34E7-4792-433B-8960-2AA4B78A8DA3}
		{90E8F0D8-B5B2-4D98-B2FC-8FA86E8C1805} = {1D1B34E7-4792-433B-8960-2AA4B78A8DA3}
		{237C9E2F-6D0C-40C5-A29D-99EF1BDB5A17} = {1D1B34E7-4792-433B-8960-2AA4B78A8DA3}
		{E62CE769-392C-4B7D-8968-0E6158B63720} = {1D1B34E7-4792-433B-8960-2AA4B78A8DA3}
		{F652693A-35DA-42E1-B3D7-325A087AB702} = {1D1B34E7-4792-433B-8960-2AA4B78A8DA3}
		{95CA00B8-6455-4265-8A52-FA20E37F2A5B} = {1D1B34E7-4792-433B-8960-2AA4B78A8DA3}
		{313E1495-CFEC-4A5A-B54D-BA6015656427} = {1D1B34E7-4792-433B-8960-2AA4B78A8DA3}
		{8BFE1577-7E45-45C6-8721-CB493FA32A93} = {1D1B34E7-4792-433B-8960-2AA4B78A8DA3}
		{D34AF274-070F-41E8-AFA3-00F8C1E8FC17} = {1D1B34E7-4792-433B-8960-2AA4B78A8DA3}
		{89999198-74CE-4C0E-A9EF-5ADDF36F5D97} = {076AC6ED-C3B5-4474-BB37-57422806C95A}
		{0ED47FAD-2357-4378-895E-4AB4BD17438C} = {076AC6ED-C3B5-4474-BB37-57422806C95A}
		{3CC3E4A8-DCCE-438A-A86A-90F56331ADEE} = {076AC6ED-C3B5-4474-BB37-57422806C95A}
		{5D984BA3-DD6D-411B-AF0E-F6C86B0B7752} = {076AC6ED-C3B5-4474-BB37-57422806C95A}
		{C8DE51AE-5DB3-48EE-9CB4-33521B9EFFD4} = {076AC6ED-C3B5-4474-BB37-57422806C95A}
		{5AE91EFC-EDD7-4BC8-9A6B-7A65F8B2239E} = {076AC6ED-C3B5-4474-BB37-57422806C95A}
		{78FBFB6D-7A6F-4093-9CBB-3D30640EECB0} = {076AC6ED-C3B5-4474-BB37-57422806C95A}
		{2CBB5705-0D78-48CA-82C6-C7B711E9C5AC} = {076AC6ED-C3B5-4474-BB37-57422806C95A}
		{1BC7FD65-99E1-47BB-8BB4-AECFF172C8A7} = {076AC6ED-C3B5-4474-BB37-57422806C95A}
		{DD1A70BA-4580-421F-A416-DFC6019CB8D5} = {076AC6ED-C3B5-4474-BB37-57422806C95A}
		{9D8E2ECB-4109-45AD-9F55-3A9A77D0C509} = {076AC6ED-C3B5-4474-BB37-57422806C95A}
		{BEB6ABA2-C89A-4431-A4AB-CDC2C78A7A01} = {076AC6ED-C3B5-4474-BB37-57422806C95A}
		{309EABAC-8039-4DCD-9A9B-C0EDFF4BADF8} = {076AC6ED-C3B5-4474-BB37-57422806C95A}
		{22C5D7FE-B4C4-4498-938B-FD6748643C12} = {33261812-1C91-47C7-B72F-6CF12E3233DB}
		{C3A5590E-B9FF-40C1-A364-3278D434169B} = {33261812-1C91-47C7-B72F-6CF12E3233DB}
		{44F3ED08-9294-4EEC-A937-F31CF2A2E5A2} = {33261812-1C91-47C7-B72F-6CF12E3233DB}
		{966BF1E4-9020-4211-A249-C7EED7DAAA9B} = {33261812-1C91-47C7-B72F-6CF12E3233DB}
		{F2203273-ADCD-4623-9D44-6F4BD7AE33E0} = {33261812-1C91-47C7-B72F-6CF12E3233DB}
		{B0BADFA1-0002-4E55-B6D8-4C0D61BB5CB7} = {33261812-1C91-47C7-B72F-6CF12E3233DB}
		{F4679195-53AF-4EB8-B90D-665B1CE77184} = {33261812-1C91-47C7-B72F-6CF12E3233DB}
		{C30595F8-4B7C-465E-8227-99675C6B16F9} = {33261812-1C91-47C7-B72F-6CF12E3233DB}
		{97E060AD-CAEF-47B4-9AC3-61AD2E0A21A1} = {33261812-1C91-47C7-B72F-6CF12E3233DB}
		{DBEDB7C7-5EFF-4229-AF1C-333EC6DBA96B} = {33261812-1C91-47C7-B72F-6CF12E3233DB}
		{D86E0680-09BC-4E73-9869-3264C9045F24} = {33261812-1C91-47C7-B72F-6CF12E3233DB}
		{2EED9453-53AA-46CA-9E02-35F7CB5B0B8D} = {33261812-1C91-47C7-B72F-6CF12E3233DB}
		{1BCF2BCA-C53D-4B02-AA99-F7B7F863B763} = {33261812-1C91-47C7-B72F-6CF12E3233DB}
	EndGlobalSection
EndGlobal
